
Microsoft Visual Studio Solution File, Format Version 12.00
# Visual Studio Version 17
VisualStudioVersion = 17.13.35913.81
MinimumVisualStudioVersion = 10.0.40219.1
Project("{FAE04EC0-301F-11D3-BF4B-00C04F79EFBC}") = "Application", "Core\Application\Application.csproj", "{EF27C518-6D9B-FC8F-6AC7-41304CC8DBCD}"
EndProject
Project("{FAE04EC0-301F-11D3-BF4B-00C04F79EFBC}") = "Domain", "Core\Domain\Domain.csproj", "{8DB9935B-679C-C53D-3174-AF920142537E}"
EndProject
Project("{FAE04EC0-301F-11D3-BF4B-00C04F79EFBC}") = "Infrastructure", "Infrastructure\Infrastructure.csproj", "{5872AEB3-BAA3-FE31-B0EB-0FB6DBEDCF83}"
EndProject
Project("{FAE04EC0-301F-11D3-BF4B-00C04F79EFBC}") = "Presentation", "Presentation\Presentation.csproj", "{26BB4B99-E4DB-8D6F-9A99-39E9DFD5E68A}"
EndProject
Project("{FAE04EC0-301F-11D3-BF4B-00C04F79EFBC}") = "TestProject", "TestProject\TestProject.csproj", "{68312CAD-0F9F-4BE6-B836-1FA7A86ED626}"
EndProject
Global
	GlobalSection(SolutionConfigurationPlatforms) = preSolution
		Debug|Any CPU = Debug|Any CPU
		Release|Any CPU = Release|Any CPU
	EndGlobalSection
	GlobalSection(ProjectConfigurationPlatforms) = postSolution
		{EF27C518-6D9B-FC8F-6AC7-41304CC8DBCD}.Debug|Any CPU.ActiveCfg = Debug|Any CPU
		{EF27C518-6D9B-FC8F-6AC7-41304CC8DBCD}.Debug|Any CPU.Build.0 = Debug|Any CPU
		{EF27C518-6D9B-FC8F-6AC7-41304CC8DBCD}.Release|Any CPU.ActiveCfg = Release|Any CPU
		{EF27C518-6D9B-FC8F-6AC7-41304CC8DBCD}.Release|Any CPU.Build.0 = Release|Any CPU
		{8DB9935B-679C-C53D-3174-AF920142537E}.Debug|Any CPU.ActiveCfg = Debug|Any CPU
		{8DB9935B-679C-C53D-3174-AF920142537E}.Debug|Any CPU.Build.0 = Debug|Any CPU
		{8DB9935B-679C-C53D-3174-AF920142537E}.Release|Any CPU.ActiveCfg = Release|Any CPU
		{8DB9935B-679C-C53D-3174-AF920142537E}.Release|Any CPU.Build.0 = Release|Any CPU
		{5872AEB3-BAA3-FE31-B0EB-0FB6DBEDCF83}.Debug|Any CPU.ActiveCfg = Debug|Any CPU
		{5872AEB3-BAA3-FE31-B0EB-0FB6DBEDCF83}.Debug|Any CPU.Build.0 = Debug|Any CPU
		{5872AEB3-BAA3-FE31-B0EB-0FB6DBEDCF83}.Release|Any CPU.ActiveCfg = Release|Any CPU
		{5872AEB3-BAA3-FE31-B0EB-0FB6DBEDCF83}.Release|Any CPU.Build.0 = Release|Any CPU
		{26BB4B99-E4DB-8D6F-9A99-39E9DFD5E68A}.Debug|Any CPU.ActiveCfg = Debug|Any CPU
		{26BB4B99-E4DB-8D6F-9A99-39E9DFD5E68A}.Debug|Any CPU.Build.0 = Debug|Any CPU
		{26BB4B99-E4DB-8D6F-9A99-39E9DFD5E68A}.Release|Any CPU.ActiveCfg = Release|Any CPU
		{26BB4B99-E4DB-8D6F-9A99-39E9DFD5E68A}.Release|Any CPU.Build.0 = Release|Any CPU
		{68312CAD-0F9F-4BE6-B836-1FA7A86ED626}.Debug|Any CPU.ActiveCfg = Debug|Any CPU
		{68312CAD-0F9F-4BE6-B836-1FA7A86ED626}.Debug|Any CPU.Build.0 = Debug|Any CPU
		{68312CAD-0F9F-4BE6-B836-1FA7A86ED626}.Release|Any CPU.ActiveCfg = Release|Any CPU
		{68312CAD-0F9F-4BE6-B836-1FA7A86ED626}.Release|Any CPU.Build.0 = Release|Any CPU
	EndGlobalSection
	GlobalSection(SolutionProperties) = preSolution
		HideSolutionNode = FALSE
	EndGlobalSection
	GlobalSection(ExtensibilityGlobals) = postSolution
		SolutionGuid = {36EF9EDA-0182-4349-A02B-9CE5BF87A24C}
	EndGlobalSection
EndGlobal
